
Microsoft Visual Studio Solution File, Format Version 12.00
# Visual Studio Version 16
VisualStudioVersion = 16.0.31321.278
MinimumVisualStudioVersion = 10.0.40219.1
Project("{FAE04EC0-301F-11D3-BF4B-00C04F79EFBC}") = "ProjectM32", "ProjectM32\ProjectM32.csproj", "{FA0628E9-8F67-4641-AE9F-5E83F5E960B9}"
EndProject
Global
	GlobalSection(SolutionConfigurationPlatforms) = preSolution
		Debug|Any CPU = Debug|Any CPU
		Release|Any CPU = Release|Any CPU
	EndGlobalSection
	GlobalSection(ProjectConfigurationPlatforms) = postSolution
		{FA0628E9-8F67-4641-AE9F-5E83F5E960B9}.Debug|Any CPU.ActiveCfg = Debug|Any CPU
		{FA0628E9-8F67-4641-AE9F-5E83F5E960B9}.Debug|Any CPU.Build.0 = Debug|Any CPU
		{FA0628E9-8F67-4641-AE9F-5E83F5E960B9}.Release|Any CPU.ActiveCfg = Release|Any CPU
		{FA0628E9-8F67-4641-AE9F-5E83F5E960B9}.Release|Any CPU.Build.0 = Release|Any CPU
	EndGlobalSection
	GlobalSection(SolutionProperties) = preSolution
		HideSolutionNode = FALSE
	EndGlobalSection
	GlobalSection(ExtensibilityGlobals) = postSolution
		SolutionGuid = {4AA90040-BC5B-4140-B2B0-08E1F40FD546}
	EndGlobalSection
EndGlobal
